// !$*UTF8*$!
{
	archiveVersion = 1;
	classes = {
	};
	objectVersion = 55;
	objects = {

/* Begin PBXBuildFile section */
		12D5A4AE2906998E0097DA58 /* Tests_iOS.swift in Sources */ = {isa = PBXBuildFile; fileRef = 12D5A4AD2906998E0097DA58 /* Tests_iOS.swift */; };
		12D5A4B02906998E0097DA58 /* Tests_iOSLaunchTests.swift in Sources */ = {isa = PBXBuildFile; fileRef = 12D5A4AF2906998E0097DA58 /* Tests_iOSLaunchTests.swift */; };
		12D5A4BA2906998E0097DA58 /* Tests_macOS.swift in Sources */ = {isa = PBXBuildFile; fileRef = 12D5A4B92906998E0097DA58 /* Tests_macOS.swift */; };
		12D5A4BC2906998E0097DA58 /* Tests_macOSLaunchTests.swift in Sources */ = {isa = PBXBuildFile; fileRef = 12D5A4BB2906998E0097DA58 /* Tests_macOSLaunchTests.swift */; };
		12D5A4BD2906998E0097DA58 /* SampleApp.swift in Sources */ = {isa = PBXBuildFile; fileRef = 12D5A4952906998D0097DA58 /* SampleApp.swift */; };
		12D5A4BE2906998E0097DA58 /* SampleApp.swift in Sources */ = {isa = PBXBuildFile; fileRef = 12D5A4952906998D0097DA58 /* SampleApp.swift */; };
		12D5A4BF2906998E0097DA58 /* ContentView.swift in Sources */ = {isa = PBXBuildFile; fileRef = 12D5A4962906998D0097DA58 /* ContentView.swift */; };
		12D5A4C02906998E0097DA58 /* ContentView.swift in Sources */ = {isa = PBXBuildFile; fileRef = 12D5A4962906998D0097DA58 /* ContentView.swift */; };
		12D5A4C12906998E0097DA58 /* Assets.xcassets in Resources */ = {isa = PBXBuildFile; fileRef = 12D5A4972906998E0097DA58 /* Assets.xcassets */; };
		12D5A4C22906998E0097DA58 /* Assets.xcassets in Resources */ = {isa = PBXBuildFile; fileRef = 12D5A4972906998E0097DA58 /* Assets.xcassets */; };
/* End PBXBuildFile section */

/* Begin PBXContainerItemProxy section */
		12D5A4AA2906998E0097DA58 /* PBXContainerItemProxy */ = {
			isa = PBXContainerItemProxy;
			containerPortal = 12D5A4902906998D0097DA58 /* Project object */;
			proxyType = 1;
			remoteGlobalIDString = 12D5A49B2906998E0097DA58;
			remoteInfo = "Sample (iOS)";
		};
		12D5A4B62906998E0097DA58 /* PBXContainerItemProxy */ = {
			isa = PBXContainerItemProxy;
			containerPortal = 12D5A4902906998D0097DA58 /* Project object */;
			proxyType = 1;
			remoteGlobalIDString = 12D5A4A12906998E0097DA58;
			remoteInfo = "Sample (macOS)";
		};
/* End PBXContainerItemProxy section */

/* Begin PBXFileReference section */
		12D5A4952906998D0097DA58 /* SampleApp.swift */ = {isa = PBXFileReference; lastKnownFileType = sourcecode.swift; path = SampleApp.swift; sourceTree = "<group>"; };
		12D5A4962906998D0097DA58 /* ContentView.swift */ = {isa = PBXFileReference; lastKnownFileType = sourcecode.swift; path = ContentView.swift; sourceTree = "<group>"; };
		12D5A4972906998E0097DA58 /* Assets.xcassets */ = {isa = PBXFileReference; lastKnownFileType = folder.assetcatalog; path = Assets.xcassets; sourceTree = "<group>"; };
		12D5A49C2906998E0097DA58 /* Sample.app */ = {isa = PBXFileReference; explicitFileType = wrapper.application; includeInIndex = 0; path = Sample.app; sourceTree = BUILT_PRODUCTS_DIR; };
		12D5A4A22906998E0097DA58 /* Sample.app */ = {isa = PBXFileReference; explicitFileType = wrapper.application; includeInIndex = 0; path = Sample.app; sourceTree = BUILT_PRODUCTS_DIR; };
		12D5A4A42906998E0097DA58 /* macOS.entitlements */ = {isa = PBXFileReference; lastKnownFileType = text.plist.entitlements; path = macOS.entitlements; sourceTree = "<group>"; };
		12D5A4A92906998E0097DA58 /* Tests iOS.xctest */ = {isa = PBXFileReference; explicitFileType = wrapper.cfbundle; includeInIndex = 0; path = "Tests iOS.xctest"; sourceTree = BUILT_PRODUCTS_DIR; };
		12D5A4AD2906998E0097DA58 /* Tests_iOS.swift */ = {isa = PBXFileReference; lastKnownFileType = sourcecode.swift; path = Tests_iOS.swift; sourceTree = "<group>"; };
		12D5A4AF2906998E0097DA58 /* Tests_iOSLaunchTests.swift */ = {isa = PBXFileReference; lastKnownFileType = sourcecode.swift; path = Tests_iOSLaunchTests.swift; sourceTree = "<group>"; };
		12D5A4B52906998E0097DA58 /* Tests macOS.xctest */ = {isa = PBXFileReference; explicitFileType = wrapper.cfbundle; includeInIndex = 0; path = "Tests macOS.xctest"; sourceTree = BUILT_PRODUCTS_DIR; };
		12D5A4B92906998E0097DA58 /* Tests_macOS.swift */ = {isa = PBXFileReference; lastKnownFileType = sourcecode.swift; path = Tests_macOS.swift; sourceTree = "<group>"; };
		12D5A4BB2906998E0097DA58 /* Tests_macOSLaunchTests.swift */ = {isa = PBXFileReference; lastKnownFileType = sourcecode.swift; path = Tests_macOSLaunchTests.swift; sourceTree = "<group>"; };
/* End PBXFileReference section */

/* Begin PBXFrameworksBuildPhase section */
		12D5A4992906998E0097DA58 /* Frameworks */ = {
			isa = PBXFrameworksBuildPhase;
			buildActionMask = 2147483647;
			files = (
			);
			runOnlyForDeploymentPostprocessing = 0;
		};
		12D5A49F2906998E0097DA58 /* Frameworks */ = {
			isa = PBXFrameworksBuildPhase;
			buildActionMask = 2147483647;
			files = (
			);
			runOnlyForDeploymentPostprocessing = 0;
		};
		12D5A4A62906998E0097DA58 /* Frameworks */ = {
			isa = PBXFrameworksBuildPhase;
			buildActionMask = 2147483647;
			files = (
			);
			runOnlyForDeploymentPostprocessing = 0;
		};
		12D5A4B22906998E0097DA58 /* Frameworks */ = {
			isa = PBXFrameworksBuildPhase;
			buildActionMask = 2147483647;
			files = (
			);
			runOnlyForDeploymentPostprocessing = 0;
		};
/* End PBXFrameworksBuildPhase section */

/* Begin PBXGroup section */
		12D5A48F2906998C0097DA58 = {
			isa = PBXGroup;
			children = (
				12D5A4942906998D0097DA58 /* Shared */,
				12D5A4A32906998E0097DA58 /* macOS */,
				12D5A4AC2906998E0097DA58 /* Tests iOS */,
				12D5A4B82906998E0097DA58 /* Tests macOS */,
				12D5A49D2906998E0097DA58 /* Products */,
			);
			sourceTree = "<group>";
		};
		12D5A4942906998D0097DA58 /* Shared */ = {
			isa = PBXGroup;
			children = (
				12D5A4952906998D0097DA58 /* SampleApp.swift */,
				12D5A4962906998D0097DA58 /* ContentView.swift */,
				12D5A4972906998E0097DA58 /* Assets.xcassets */,
			);
			path = Shared;
			sourceTree = "<group>";
		};
		12D5A49D2906998E0097DA58 /* Products */ = {
			isa = PBXGroup;
			children = (
				12D5A49C2906998E0097DA58 /* Sample.app */,
				12D5A4A22906998E0097DA58 /* Sample.app */,
				12D5A4A92906998E0097DA58 /* Tests iOS.xctest */,
				12D5A4B52906998E0097DA58 /* Tests macOS.xctest */,
			);
			name = Products;
			sourceTree = "<group>";
		};
		12D5A4A32906998E0097DA58 /* macOS */ = {
			isa = PBXGroup;
			children = (
				12D5A4A42906998E0097DA58 /* macOS.entitlements */,
			);
			path = macOS;
			sourceTree = "<group>";
		};
		12D5A4AC2906998E0097DA58 /* Tests iOS */ = {
			isa = PBXGroup;
			children = (
				12D5A4AD2906998E0097DA58 /* Tests_iOS.swift */,
				12D5A4AF2906998E0097DA58 /* Tests_iOSLaunchTests.swift */,
			);
			path = "Tests iOS";
			sourceTree = "<group>";
		};
		12D5A4B82906998E0097DA58 /* Tests macOS */ = {
			isa = PBXGroup;
			children = (
				12D5A4B92906998E0097DA58 /* Tests_macOS.swift */,
				12D5A4BB2906998E0097DA58 /* Tests_macOSLaunchTests.swift */,
			);
			path = "Tests macOS";
			sourceTree = "<group>";
		};
/* End PBXGroup section */

/* Begin PBXNativeTarget section */
		12D5A49B2906998E0097DA58 /* Sample (iOS) */ = {
			isa = PBXNativeTarget;
			buildConfigurationList = 12D5A4C52906998E0097DA58 /* Build configuration list for PBXNativeTarget "Sample (iOS)" */;
			buildPhases = (
				12D5A4982906998E0097DA58 /* Sources */,
				12D5A4992906998E0097DA58 /* Frameworks */,
				12D5A49A2906998E0097DA58 /* Resources */,
			);
			buildRules = (
			);
			dependencies = (
			);
			name = "Sample (iOS)";
			productName = "Sample (iOS)";
			productReference = 12D5A49C2906998E0097DA58 /* Sample.app */;
			productType = "com.apple.product-type.application";
		};
		12D5A4A12906998E0097DA58 /* Sample (macOS) */ = {
			isa = PBXNativeTarget;
			buildConfigurationList = 12D5A4C82906998E0097DA58 /* Build configuration list for PBXNativeTarget "Sample (macOS)" */;
			buildPhases = (
				12D5A49E2906998E0097DA58 /* Sources */,
				12D5A49F2906998E0097DA58 /* Frameworks */,
				12D5A4A02906998E0097DA58 /* Resources */,
			);
			buildRules = (
			);
			dependencies = (
			);
			name = "Sample (macOS)";
			productName = "Sample (macOS)";
			productReference = 12D5A4A22906998E0097DA58 /* Sample.app */;
			productType = "com.apple.product-type.application";
		};
		12D5A4A82906998E0097DA58 /* Tests iOS */ = {
			isa = PBXNativeTarget;
			buildConfigurationList = 12D5A4CB2906998E0097DA58 /* Build configuration list for PBXNativeTarget "Tests iOS" */;
			buildPhases = (
				12D5A4A52906998E0097DA58 /* Sources */,
				12D5A4A62906998E0097DA58 /* Frameworks */,
				12D5A4A72906998E0097DA58 /* Resources */,
			);
			buildRules = (
			);
			dependencies = (
				12D5A4AB2906998E0097DA58 /* PBXTargetDependency */,
			);
			name = "Tests iOS";
			productName = "Tests iOS";
			productReference = 12D5A4A92906998E0097DA58 /* Tests iOS.xctest */;
			productType = "com.apple.product-type.bundle.ui-testing";
		};
		12D5A4B42906998E0097DA58 /* Tests macOS */ = {
			isa = PBXNativeTarget;
			buildConfigurationList = 12D5A4CE2906998E0097DA58 /* Build configuration list for PBXNativeTarget "Tests macOS" */;
			buildPhases = (
				12D5A4B12906998E0097DA58 /* Sources */,
				12D5A4B22906998E0097DA58 /* Frameworks */,
				12D5A4B32906998E0097DA58 /* Resources */,
			);
			buildRules = (
			);
			dependencies = (
				12D5A4B72906998E0097DA58 /* PBXTargetDependency */,
			);
			name = "Tests macOS";
			productName = "Tests macOS";
			productReference = 12D5A4B52906998E0097DA58 /* Tests macOS.xctest */;
			productType = "com.apple.product-type.bundle.ui-testing";
		};
/* End PBXNativeTarget section */

/* Begin PBXProject section */
		12D5A4902906998D0097DA58 /* Project object */ = {
			isa = PBXProject;
			attributes = {
				BuildIndependentTargetsInParallel = 1;
				LastSwiftUpdateCheck = 1340;
				LastUpgradeCheck = 1340;
				TargetAttributes = {
					12D5A49B2906998E0097DA58 = {
						CreatedOnToolsVersion = 13.4.1;
					};
					12D5A4A12906998E0097DA58 = {
						CreatedOnToolsVersion = 13.4.1;
					};
					12D5A4A82906998E0097DA58 = {
						CreatedOnToolsVersion = 13.4.1;
						TestTargetID = 12D5A49B2906998E0097DA58;
					};
					12D5A4B42906998E0097DA58 = {
						CreatedOnToolsVersion = 13.4.1;
						TestTargetID = 12D5A4A12906998E0097DA58;
					};
				};
			};
			buildConfigurationList = 12D5A4932906998D0097DA58 /* Build configuration list for PBXProject "Sample" */;
			compatibilityVersion = "Xcode 13.0";
			developmentRegion = en;
			hasScannedForEncodings = 0;
			knownRegions = (
				en,
				Base,
			);
			mainGroup = 12D5A48F2906998C0097DA58;
			productRefGroup = 12D5A49D2906998E0097DA58 /* Products */;
			projectDirPath = "";
			projectRoot = "";
			targets = (
				12D5A49B2906998E0097DA58 /* Sample (iOS) */,
				12D5A4A12906998E0097DA58 /* Sample (macOS) */,
				12D5A4A82906998E0097DA58 /* Tests iOS */,
				12D5A4B42906998E0097DA58 /* Tests macOS */,
			);
		};
/* End PBXProject section */

/* Begin PBXResourcesBuildPhase section */
		12D5A49A2906998E0097DA58 /* Resources */ = {
			isa = PBXResourcesBuildPhase;
			buildActionMask = 2147483647;
			files = (
				12D5A4C12906998E0097DA58 /* Assets.xcassets in Resources */,
			);
			runOnlyForDeploymentPostprocessing = 0;
		};
		12D5A4A02906998E0097DA58 /* Resources */ = {
			isa = PBXResourcesBuildPhase;
			buildActionMask = 2147483647;
			files = (
				12D5A4C22906998E0097DA58 /* Assets.xcassets in Resources */,
			);
			runOnlyForDeploymentPostprocessing = 0;
		};
		12D5A4A72906998E0097DA58 /* Resources */ = {
			isa = PBXResourcesBuildPhase;
			buildActionMask = 2147483647;
			files = (
			);
			runOnlyForDeploymentPostprocessing = 0;
		};
		12D5A4B32906998E0097DA58 /* Resources */ = {
			isa = PBXResourcesBuildPhase;
			buildActionMask = 2147483647;
			files = (
			);
			runOnlyForDeploymentPostprocessing = 0;
		};
/* End PBXResourcesBuildPhase section */

/* Begin PBXSourcesBuildPhase section */
		12D5A4982906998E0097DA58 /* Sources */ = {
			isa = PBXSourcesBuildPhase;
			buildActionMask = 2147483647;
			files = (
				12D5A4BF2906998E0097DA58 /* ContentView.swift in Sources */,
				12D5A4BD2906998E0097DA58 /* SampleApp.swift in Sources */,
			);
			runOnlyForDeploymentPostprocessing = 0;
		};
		12D5A49E2906998E0097DA58 /* Sources */ = {
			isa = PBXSourcesBuildPhase;
			buildActionMask = 2147483647;
			files = (
				12D5A4C02906998E0097DA58 /* ContentView.swift in Sources */,
				12D5A4BE2906998E0097DA58 /* SampleApp.swift in Sources */,
			);
			runOnlyForDeploymentPostprocessing = 0;
		};
		12D5A4A52906998E0097DA58 /* Sources */ = {
			isa = PBXSourcesBuildPhase;
			buildActionMask = 2147483647;
			files = (
				12D5A4B02906998E0097DA58 /* Tests_iOSLaunchTests.swift in Sources */,
				12D5A4AE2906998E0097DA58 /* Tests_iOS.swift in Sources */,
			);
			runOnlyForDeploymentPostprocessing = 0;
		};
		12D5A4B12906998E0097DA58 /* Sources */ = {
			isa = PBXSourcesBuildPhase;
			buildActionMask = 2147483647;
			files = (
				12D5A4BC2906998E0097DA58 /* Tests_macOSLaunchTests.swift in Sources */,
				12D5A4BA2906998E0097DA58 /* Tests_macOS.swift in Sources */,
			);
			runOnlyForDeploymentPostprocessing = 0;
		};
/* End PBXSourcesBuildPhase section */

/* Begin PBXTargetDependency section */
		12D5A4AB2906998E0097DA58 /* PBXTargetDependency */ = {
			isa = PBXTargetDependency;
			target = 12D5A49B2906998E0097DA58 /* Sample (iOS) */;
			targetProxy = 12D5A4AA2906998E0097DA58 /* PBXContainerItemProxy */;
		};
		12D5A4B72906998E0097DA58 /* PBXTargetDependency */ = {
			isa = PBXTargetDependency;
			target = 12D5A4A12906998E0097DA58 /* Sample (macOS) */;
			targetProxy = 12D5A4B62906998E0097DA58 /* PBXContainerItemProxy */;
		};
/* End PBXTargetDependency section */

/* Begin XCBuildConfiguration section */
		12D5A4C32906998E0097DA58 /* Debug */ = {
			isa = XCBuildConfiguration;
			buildSettings = {
				ALWAYS_SEARCH_USER_PATHS = NO;
				CLANG_ANALYZER_NONNULL = YES;
				CLANG_ANALYZER_NUMBER_OBJECT_CONVERSION = YES_AGGRESSIVE;
				CLANG_CXX_LANGUAGE_STANDARD = "gnu++17";
				CLANG_ENABLE_MODULES = YES;
				CLANG_ENABLE_OBJC_ARC = YES;
				CLANG_ENABLE_OBJC_WEAK = YES;
				CLANG_WARN_BLOCK_CAPTURE_AUTORELEASING = YES;
				CLANG_WARN_BOOL_CONVERSION = YES;
				CLANG_WARN_COMMA = YES;
				CLANG_WARN_CONSTANT_CONVERSION = YES;
				CLANG_WARN_DEPRECATED_OBJC_IMPLEMENTATIONS = YES;
				CLANG_WARN_DIRECT_OBJC_ISA_USAGE = YES_ERROR;
				CLANG_WARN_DOCUMENTATION_COMMENTS = YES;
				CLANG_WARN_EMPTY_BODY = YES;
				CLANG_WARN_ENUM_CONVERSION = YES;
				CLANG_WARN_INFINITE_RECURSION = YES;
				CLANG_WARN_INT_CONVERSION = YES;
				CLANG_WARN_NON_LITERAL_NULL_CONVERSION = YES;
				CLANG_WARN_OBJC_IMPLICIT_RETAIN_SELF = YES;
				CLANG_WARN_OBJC_LITERAL_CONVERSION = YES;
				CLANG_WARN_OBJC_ROOT_CLASS = YES_ERROR;
				CLANG_WARN_QUOTED_INCLUDE_IN_FRAMEWORK_HEADER = YES;
				CLANG_WARN_RANGE_LOOP_ANALYSIS = YES;
				CLANG_WARN_STRICT_PROTOTYPES = YES;
				CLANG_WARN_SUSPICIOUS_MOVE = YES;
				CLANG_WARN_UNGUARDED_AVAILABILITY = YES_AGGRESSIVE;
				CLANG_WARN_UNREACHABLE_CODE = YES;
				CLANG_WARN__DUPLICATE_METHOD_MATCH = YES;
				COPY_PHASE_STRIP = NO;
				DEBUG_INFORMATION_FORMAT = dwarf;
				ENABLE_STRICT_OBJC_MSGSEND = YES;
				ENABLE_TESTABILITY = YES;
				GCC_C_LANGUAGE_STANDARD = gnu11;
				GCC_DYNAMIC_NO_PIC = NO;
				GCC_NO_COMMON_BLOCKS = YES;
				GCC_OPTIMIZATION_LEVEL = 0;
				GCC_PREPROCESSOR_DEFINITIONS = (
					"DEBUG=1",
					"$(inherited)",
				);
				GCC_WARN_64_TO_32_BIT_CONVERSION = YES;
				GCC_WARN_ABOUT_RETURN_TYPE = YES_ERROR;
				GCC_WARN_UNDECLARED_SELECTOR = YES;
				GCC_WARN_UNINITIALIZED_AUTOS = YES_AGGRESSIVE;
				GCC_WARN_UNUSED_FUNCTION = YES;
				GCC_WARN_UNUSED_VARIABLE = YES;
				MTL_ENABLE_DEBUG_INFO = INCLUDE_SOURCE;
				MTL_FAST_MATH = YES;
				ONLY_ACTIVE_ARCH = YES;
				SWIFT_ACTIVE_COMPILATION_CONDITIONS = DEBUG;
				SWIFT_OPTIMIZATION_LEVEL = "-Onone";
			};
			name = Debug;
		};
		12D5A4C42906998E0097DA58 /* Release */ = {
			isa = XCBuildConfiguration;
			buildSettings = {
				ALWAYS_SEARCH_USER_PATHS = NO;
				CLANG_ANALYZER_NONNULL = YES;
				CLANG_ANALYZER_NUMBER_OBJECT_CONVERSION = YES_AGGRESSIVE;
				CLANG_CXX_LANGUAGE_STANDARD = "gnu++17";
				CLANG_ENABLE_MODULES = YES;
				CLANG_ENABLE_OBJC_ARC = YES;
				CLANG_ENABLE_OBJC_WEAK = YES;
				CLANG_WARN_BLOCK_CAPTURE_AUTORELEASING = YES;
				CLANG_WARN_BOOL_CONVERSION = YES;
				CLANG_WARN_COMMA = YES;
				CLANG_WARN_CONSTANT_CONVERSION = YES;
				CLANG_WARN_DEPRECATED_OBJC_IMPLEMENTATIONS = YES;
				CLANG_WARN_DIRECT_OBJC_ISA_USAGE = YES_ERROR;
				CLANG_WARN_DOCUMENTATION_COMMENTS = YES;
				CLANG_WARN_EMPTY_BODY = YES;
				CLANG_WARN_ENUM_CONVERSION = YES;
				CLANG_WARN_INFINITE_RECURSION = YES;
				CLANG_WARN_INT_CONVERSION = YES;
				CLANG_WARN_NON_LITERAL_NULL_CONVERSION = YES;
				CLANG_WARN_OBJC_IMPLICIT_RETAIN_SELF = YES;
				CLANG_WARN_OBJC_LITERAL_CONVERSION = YES;
				CLANG_WARN_OBJC_ROOT_CLASS = YES_ERROR;
				CLANG_WARN_QUOTED_INCLUDE_IN_FRAMEWORK_HEADER = YES;
				CLANG_WARN_RANGE_LOOP_ANALYSIS = YES;
				CLANG_WARN_STRICT_PROTOTYPES = YES;
				CLANG_WARN_SUSPICIOUS_MOVE = YES;
				CLANG_WARN_UNGUARDED_AVAILABILITY = YES_AGGRESSIVE;
				CLANG_WARN_UNREACHABLE_CODE = YES;
				CLANG_WARN__DUPLICATE_METHOD_MATCH = YES;
				COPY_PHASE_STRIP = NO;
				DEBUG_INFORMATION_FORMAT = "dwarf-with-dsym";
				ENABLE_NS_ASSERTIONS = NO;
				ENABLE_STRICT_OBJC_MSGSEND = YES;
				GCC_C_LANGUAGE_STANDARD = gnu11;
				GCC_NO_COMMON_BLOCKS = YES;
				GCC_WARN_64_TO_32_BIT_CONVERSION = YES;
				GCC_WARN_ABOUT_RETURN_TYPE = YES_ERROR;
				GCC_WARN_UNDECLARED_SELECTOR = YES;
				GCC_WARN_UNINITIALIZED_AUTOS = YES_AGGRESSIVE;
				GCC_WARN_UNUSED_FUNCTION = YES;
				GCC_WARN_UNUSED_VARIABLE = YES;
				MTL_ENABLE_DEBUG_INFO = NO;
				MTL_FAST_MATH = YES;
				SWIFT_COMPILATION_MODE = wholemodule;
				SWIFT_OPTIMIZATION_LEVEL = "-O";
			};
			name = Release;
		};
		12D5A4C62906998E0097DA58 /* Debug */ = {
			isa = XCBuildConfiguration;
			buildSettings = {
				ASSETCATALOG_COMPILER_APPICON_NAME = AppIcon;
				ASSETCATALOG_COMPILER_GLOBAL_ACCENT_COLOR_NAME = AccentColor;
				CODE_SIGN_STYLE = Automatic;
				CURRENT_PROJECT_VERSION = 1;
				ENABLE_PREVIEWS = YES;
				GENERATE_INFOPLIST_FILE = YES;
				INFOPLIST_KEY_UIApplicationSceneManifest_Generation = YES;
				INFOPLIST_KEY_UIApplicationSupportsIndirectInputEvents = YES;
				INFOPLIST_KEY_UILaunchScreen_Generation = YES;
				INFOPLIST_KEY_UISupportedInterfaceOrientations_iPad = "UIInterfaceOrientationPortrait UIInterfaceOrientationPortraitUpsideDown UIInterfaceOrientationLandscapeLeft UIInterfaceOrientationLandscapeRight";
				INFOPLIST_KEY_UISupportedInterfaceOrientations_iPhone = "UIInterfaceOrientationPortrait UIInterfaceOrientationLandscapeLeft UIInterfaceOrientationLandscapeRight";
				IPHONEOS_DEPLOYMENT_TARGET = 15.5;
				LD_RUNPATH_SEARCH_PATHS = (
					"$(inherited)",
					"@executable_path/Frameworks",
				);
				MARKETING_VERSION = 1.0;
				PRODUCT_BUNDLE_IDENTIFIER = shohiebsense.Sample;
				PRODUCT_NAME = Sample;
				SDKROOT = iphoneos;
				SWIFT_EMIT_LOC_STRINGS = YES;
				SWIFT_VERSION = 5.0;
				TARGETED_DEVICE_FAMILY = "1,2";
			};
			name = Debug;
		};
		12D5A4C72906998E0097DA58 /* Release */ = {
			isa = XCBuildConfiguration;
			buildSettings = {
				ASSETCATALOG_COMPILER_APPICON_NAME = AppIcon;
				ASSETCATALOG_COMPILER_GLOBAL_ACCENT_COLOR_NAME = AccentColor;
				CODE_SIGN_STYLE = Automatic;
				CURRENT_PROJECT_VERSION = 1;
				ENABLE_PREVIEWS = YES;
				GENERATE_INFOPLIST_FILE = YES;
				INFOPLIST_KEY_UIApplicationSceneManifest_Generation = YES;
				INFOPLIST_KEY_UIApplicationSupportsIndirectInputEvents = YES;
				INFOPLIST_KEY_UILaunchScreen_Generation = YES;
				INFOPLIST_KEY_UISupportedInterfaceOrientations_iPad = "UIInterfaceOrientationPortrait UIInterfaceOrientationPortraitUpsideDown UIInterfaceOrientationLandscapeLeft UIInterfaceOrientationLandscapeRight";
				INFOPLIST_KEY_UISupportedInterfaceOrientations_iPhone = "UIInterfaceOrientationPortrait UIInterfaceOrientationLandscapeLeft UIInterfaceOrientationLandscapeRight";
				IPHONEOS_DEPLOYMENT_TARGET = 15.5;
				LD_RUNPATH_SEARCH_PATHS = (
					"$(inherited)",
					"@executable_path/Frameworks",
				);
				MARKETING_VERSION = 1.0;
				PRODUCT_BUNDLE_IDENTIFIER = shohiebsense.Sample;
				PRODUCT_NAME = Sample;
				SDKROOT = iphoneos;
				SWIFT_EMIT_LOC_STRINGS = YES;
				SWIFT_VERSION = 5.0;
				TARGETED_DEVICE_FAMILY = "1,2";
				VALIDATE_PRODUCT = YES;
			};
			name = Release;
		};
		12D5A4C92906998E0097DA58 /* Debug */ = {
			isa = XCBuildConfiguration;
			buildSettings = {
				ASSETCATALOG_COMPILER_APPICON_NAME = AppIcon;
				ASSETCATALOG_COMPILER_GLOBAL_ACCENT_COLOR_NAME = AccentColor;
				CODE_SIGN_ENTITLEMENTS = macOS/macOS.entitlements;
				CODE_SIGN_STYLE = Automatic;
				COMBINE_HIDPI_IMAGES = YES;
				CURRENT_PROJECT_VERSION = 1;
				ENABLE_PREVIEWS = YES;
				GENERATE_INFOPLIST_FILE = YES;
				INFOPLIST_KEY_NSHumanReadableCopyright = "";
				LD_RUNPATH_SEARCH_PATHS = (
					"$(inherited)",
					"@executable_path/../Frameworks",
				);
				MACOSX_DEPLOYMENT_TARGET = 12.3;
				MARKETING_VERSION = 1.0;
				PRODUCT_BUNDLE_IDENTIFIER = shohiebsense.Sample;
				PRODUCT_NAME = Sample;
				SDKROOT = macosx;
				SWIFT_EMIT_LOC_STRINGS = YES;
				SWIFT_VERSION = 5.0;
			};
			name = Debug;
		};
		12D5A4CA2906998E0097DA58 /* Release */ = {
			isa = XCBuildConfiguration;
			buildSettings = {
				ASSETCATALOG_COMPILER_APPICON_NAME = AppIcon;
				ASSETCATALOG_COMPILER_GLOBAL_ACCENT_COLOR_NAME = AccentColor;
				CODE_SIGN_ENTITLEMENTS = macOS/macOS.entitlements;
				CODE_SIGN_STYLE = Automatic;
				COMBINE_HIDPI_IMAGES = YES;
				CURRENT_PROJECT_VERSION = 1;
				ENABLE_PREVIEWS = YES;
				GENERATE_INFOPLIST_FILE = YES;
				INFOPLIST_KEY_NSHumanReadableCopyright = "";
				LD_RUNPATH_SEARCH_PATHS = (
					"$(inherited)",
					"@executable_path/../Frameworks",
				);
				MACOSX_DEPLOYMENT_TARGET = 12.3;
				MARKETING_VERSION = 1.0;
				PRODUCT_BUNDLE_IDENTIFIER = shohiebsense.Sample;
				PRODUCT_NAME = Sample;
				SDKROOT = macosx;
				SWIFT_EMIT_LOC_STRINGS = YES;
				SWIFT_VERSION = 5.0;
			};
			name = Release;
		};
		12D5A4CC2906998E0097DA58 /* Debug */ = {
			isa = XCBuildConfiguration;
			buildSettings = {
				ALWAYS_EMBED_SWIFT_STANDARD_LIBRARIES = YES;
				CODE_SIGN_STYLE = Automatic;
				CURRENT_PROJECT_VERSION = 1;
				GENERATE_INFOPLIST_FILE = YES;
				IPHONEOS_DEPLOYMENT_TARGET = 15.5;
				MARKETING_VERSION = 1.0;
				PRODUCT_BUNDLE_IDENTIFIER = "shohiebsense.Tests-iOS";
				PRODUCT_NAME = "$(TARGET_NAME)";
				SDKROOT = iphoneos;
				SWIFT_EMIT_LOC_STRINGS = NO;
				SWIFT_VERSION = 5.0;
				TARGETED_DEVICE_FAMILY = "1,2";
				TEST_TARGET_NAME = "Sample (iOS)";
			};
			name = Debug;
		};
		12D5A4CD2906998E0097DA58 /* Release */ = {
			isa = XCBuildConfiguration;
			buildSettings = {
				ALWAYS_EMBED_SWIFT_STANDARD_LIBRARIES = YES;
				CODE_SIGN_STYLE = Automatic;
				CURRENT_PROJECT_VERSION = 1;
				GENERATE_INFOPLIST_FILE = YES;
				IPHONEOS_DEPLOYMENT_TARGET = 15.5;
				MARKETING_VERSION = 1.0;
				PRODUCT_BUNDLE_IDENTIFIER = "shohiebsense.Tests-iOS";
				PRODUCT_NAME = "$(TARGET_NAME)";
				SDKROOT = iphoneos;
				SWIFT_EMIT_LOC_STRINGS = NO;
				SWIFT_VERSION = 5.0;
				TARGETED_DEVICE_FAMILY = "1,2";
				TEST_TARGET_NAME = "Sample (iOS)";
				VALIDATE_PRODUCT = YES;
			};
			name = Release;
		};
		12D5A4CF2906998E0097DA58 /* Debug */ = {
			isa = XCBuildConfiguration;
			buildSettings = {
				ALWAYS_EMBED_SWIFT_STANDARD_LIBRARIES = YES;
				CODE_SIGN_STYLE = Automatic;
				CURRENT_PROJECT_VERSION = 1;
				GENERATE_INFOPLIST_FILE = YES;
				MACOSX_DEPLOYMENT_TARGET = 12.3;
				MARKETING_VERSION = 1.0;
				PRODUCT_BUNDLE_IDENTIFIER = "shohiebsense.Tests-macOS";
				PRODUCT_NAME = "$(TARGET_NAME)";
				SDKROOT = macosx;
				SWIFT_EMIT_LOC_STRINGS = NO;
				SWIFT_VERSION = 5.0;
				TEST_TARGET_NAME = "Sample (macOS)";
			};
			name = Debug;
		};
		12D5A4D02906998E0097DA58 /* Release */ = {
			isa = XCBuildConfiguration;
			buildSettings = {
				ALWAYS_EMBED_SWIFT_STANDARD_LIBRARIES = YES;
				CODE_SIGN_STYLE = Automatic;
				CURRENT_PROJECT_VERSION = 1;
				GENERATE_INFOPLIST_FILE = YES;
				MACOSX_DEPLOYMENT_TARGET = 12.3;
				MARKETING_VERSION = 1.0;
				PRODUCT_BUNDLE_IDENTIFIER = "shohiebsense.Tests-macOS";
				PRODUCT_NAME = "$(TARGET_NAME)";
				SDKROOT = macosx;
				SWIFT_EMIT_LOC_STRINGS = NO;
				SWIFT_VERSION = 5.0;
				TEST_TARGET_NAME = "Sample (macOS)";
			};
			name = Release;
		};
/* End XCBuildConfiguration section */

/* Begin XCConfigurationList section */
		12D5A4932906998D0097DA58 /* Build configuration list for PBXProject "Sample" */ = {
			isa = XCConfigurationList;
			buildConfigurations = (
				12D5A4C32906998E0097DA58 /* Debug */,
				12D5A4C42906998E0097DA58 /* Release */,
			);
			defaultConfigurationIsVisible = 0;
			defaultConfigurationName = Release;
		};
		12D5A4C52906998E0097DA58 /* Build configuration list for PBXNativeTarget "Sample (iOS)" */ = {
			isa = XCConfigurationList;
			buildConfigurations = (
				12D5A4C62906998E0097DA58 /* Debug */,
				12D5A4C72906998E0097DA58 /* Release */,
			);
			defaultConfigurationIsVisible = 0;
			defaultConfigurationName = Release;
		};
		12D5A4C82906998E0097DA58 /* Build configuration list for PBXNativeTarget "Sample (macOS)" */ = {
			isa = XCConfigurationList;
			buildConfigurations = (
				12D5A4C92906998E0097DA58 /* Debug */,
				12D5A4CA2906998E0097DA58 /* Release */,
			);
			defaultConfigurationIsVisible = 0;
			defaultConfigurationName = Release;
		};
		12D5A4CB2906998E0097DA58 /* Build configuration list for PBXNativeTarget "Tests iOS" */ = {
			isa = XCConfigurationList;
			buildConfigurations = (
				12D5A4CC2906998E0097DA58 /* Debug */,
				12D5A4CD2906998E0097DA58 /* Release */,
			);
			defaultConfigurationIsVisible = 0;
			defaultConfigurationName = Release;
		};
		12D5A4CE2906998E0097DA58 /* Build configuration list for PBXNativeTarget "Tests macOS" */ = {
			isa = XCConfigurationList;
			buildConfigurations = (
				12D5A4CF2906998E0097DA58 /* Debug */,
				12D5A4D02906998E0097DA58 /* Release */,
			);
			defaultConfigurationIsVisible = 0;
			defaultConfigurationName = Release;
		};
/* End XCConfigurationList section */
	};
	rootObject = 12D5A4902906998D0097DA58 /* Project object */;
}
